// !$*UTF8*$!
{
	archiveVersion = 1;
	classes = {
	};
	objectVersion = 56;
	objects = {

/* Begin PBXBuildFile section */
		2207D88B2DE6617300669460 /* SettingsGoalView.swift in Sources */ = {isa = PBXBuildFile; fileRef = 2207D88A2DE6617300669460 /* SettingsGoalView.swift */; };
		2207D88D2DE6A07000669460 /* SettingsViewModel.swift in Sources */ = {isa = PBXBuildFile; fileRef = 2207D88C2DE6A07000669460 /* SettingsViewModel.swift */; };
		2207D8912DE8822200669460 /* StatisticsView.swift in Sources */ = {isa = PBXBuildFile; fileRef = 2207D8902DE8822200669460 /* StatisticsView.swift */; };
		2207D8932DE8826900669460 /* StatisticsHeaderView.swift in Sources */ = {isa = PBXBuildFile; fileRef = 2207D8922DE8826900669460 /* StatisticsHeaderView.swift */; };
		2207D8952DE88BCB00669460 /* StatisticsViewModel.swift in Sources */ = {isa = PBXBuildFile; fileRef = 2207D8942DE88BCB00669460 /* StatisticsViewModel.swift */; };
		2207D8992DE88C0400669460 /* StatisticsInfoView.swift in Sources */ = {isa = PBXBuildFile; fileRef = 2207D8982DE88C0400669460 /* StatisticsInfoView.swift */; };
		2207D89B2DE8986400669460 /* StatisticsFooterView.swift in Sources */ = {isa = PBXBuildFile; fileRef = 2207D89A2DE8986400669460 /* StatisticsFooterView.swift */; };
		222DC5072DE62E7700F20E31 /* MainView.swift in Sources */ = {isa = PBXBuildFile; fileRef = 222DC5062DE62E7700F20E31 /* MainView.swift */; };
		222DC50A2DE6487B00F20E31 /* MainHeaderView.swift in Sources */ = {isa = PBXBuildFile; fileRef = 222DC5092DE6487B00F20E31 /* MainHeaderView.swift */; };
		222DC50C2DE64CE400F20E31 /* MainStepCounterView.swift in Sources */ = {isa = PBXBuildFile; fileRef = 222DC50B2DE64CE400F20E31 /* MainStepCounterView.swift */; };
		222DC50E2DE6506500F20E31 /* MainFooterView.swift in Sources */ = {isa = PBXBuildFile; fileRef = 222DC50D2DE6506500F20E31 /* MainFooterView.swift */; };
		222DC5112DE65C3A00F20E31 /* SettingsView.swift in Sources */ = {isa = PBXBuildFile; fileRef = 222DC5102DE65C3A00F20E31 /* SettingsView.swift */; };
		222DC5142DE65E3200F20E31 /* SettingsHeaderView.swift in Sources */ = {isa = PBXBuildFile; fileRef = 222DC5132DE65E3200F20E31 /* SettingsHeaderView.swift */; };
		22D459A62DE555C7005AB894 /* StepMeterApp.swift in Sources */ = {isa = PBXBuildFile; fileRef = 22D459A52DE555C7005AB894 /* StepMeterApp.swift */; };
		22D459A82DE555C7005AB894 /* ContentView.swift in Sources */ = {isa = PBXBuildFile; fileRef = 22D459A72DE555C7005AB894 /* ContentView.swift */; };
		22D459AA2DE555C7005AB894 /* Item.swift in Sources */ = {isa = PBXBuildFile; fileRef = 22D459A92DE555C7005AB894 /* Item.swift */; };
		22D459AC2DE555C8005AB894 /* Assets.xcassets in Resources */ = {isa = PBXBuildFile; fileRef = 22D459AB2DE555C8005AB894 /* Assets.xcassets */; };
		22D459AF2DE555C8005AB894 /* Preview Assets.xcassets in Resources */ = {isa = PBXBuildFile; fileRef = 22D459AE2DE555C8005AB894 /* Preview Assets.xcassets */; };
		22D459B62DE55624005AB894 /* StepMeterViewModel.swift in Sources */ = {isa = PBXBuildFile; fileRef = 22D459B52DE55624005AB894 /* StepMeterViewModel.swift */; };
/* End PBXBuildFile section */

/* Begin PBXFileReference section */
		2207D88A2DE6617300669460 /* SettingsGoalView.swift */ = {isa = PBXFileReference; lastKnownFileType = sourcecode.swift; path = SettingsGoalView.swift; sourceTree = "<group>"; };
		2207D88C2DE6A07000669460 /* SettingsViewModel.swift */ = {isa = PBXFileReference; lastKnownFileType = sourcecode.swift; path = SettingsViewModel.swift; sourceTree = "<group>"; };
		2207D8902DE8822200669460 /* StatisticsView.swift */ = {isa = PBXFileReference; lastKnownFileType = sourcecode.swift; path = StatisticsView.swift; sourceTree = "<group>"; };
		2207D8922DE8826900669460 /* StatisticsHeaderView.swift */ = {isa = PBXFileReference; lastKnownFileType = sourcecode.swift; path = StatisticsHeaderView.swift; sourceTree = "<group>"; };
		2207D8942DE88BCB00669460 /* StatisticsViewModel.swift */ = {isa = PBXFileReference; lastKnownFileType = sourcecode.swift; path = StatisticsViewModel.swift; sourceTree = "<group>"; };
		2207D8982DE88C0400669460 /* StatisticsInfoView.swift */ = {isa = PBXFileReference; lastKnownFileType = sourcecode.swift; path = StatisticsInfoView.swift; sourceTree = "<group>"; };
		2207D89A2DE8986400669460 /* StatisticsFooterView.swift */ = {isa = PBXFileReference; lastKnownFileType = sourcecode.swift; path = StatisticsFooterView.swift; sourceTree = "<group>"; };
		222DC5062DE62E7700F20E31 /* MainView.swift */ = {isa = PBXFileReference; lastKnownFileType = sourcecode.swift; path = MainView.swift; sourceTree = "<group>"; };
		222DC5092DE6487B00F20E31 /* MainHeaderView.swift */ = {isa = PBXFileReference; lastKnownFileType = sourcecode.swift; path = MainHeaderView.swift; sourceTree = "<group>"; };
		222DC50B2DE64CE400F20E31 /* MainStepCounterView.swift */ = {isa = PBXFileReference; lastKnownFileType = sourcecode.swift; path = MainStepCounterView.swift; sourceTree = "<group>"; };
		222DC50D2DE6506500F20E31 /* MainFooterView.swift */ = {isa = PBXFileReference; lastKnownFileType = sourcecode.swift; path = MainFooterView.swift; sourceTree = "<group>"; };
		222DC5102DE65C3A00F20E31 /* SettingsView.swift */ = {isa = PBXFileReference; lastKnownFileType = sourcecode.swift; path = SettingsView.swift; sourceTree = "<group>"; };
		222DC5132DE65E3200F20E31 /* SettingsHeaderView.swift */ = {isa = PBXFileReference; lastKnownFileType = sourcecode.swift; path = SettingsHeaderView.swift; sourceTree = "<group>"; };
		22D459A22DE555C7005AB894 /* StepMeter.app */ = {isa = PBXFileReference; explicitFileType = wrapper.application; includeInIndex = 0; path = StepMeter.app; sourceTree = BUILT_PRODUCTS_DIR; };
		22D459A52DE555C7005AB894 /* StepMeterApp.swift */ = {isa = PBXFileReference; lastKnownFileType = sourcecode.swift; path = StepMeterApp.swift; sourceTree = "<group>"; };
		22D459A72DE555C7005AB894 /* ContentView.swift */ = {isa = PBXFileReference; lastKnownFileType = sourcecode.swift; path = ContentView.swift; sourceTree = "<group>"; };
		22D459A92DE555C7005AB894 /* Item.swift */ = {isa = PBXFileReference; lastKnownFileType = sourcecode.swift; path = Item.swift; sourceTree = "<group>"; };
		22D459AB2DE555C8005AB894 /* Assets.xcassets */ = {isa = PBXFileReference; lastKnownFileType = folder.assetcatalog; path = Assets.xcassets; sourceTree = "<group>"; };
		22D459AE2DE555C8005AB894 /* Preview Assets.xcassets */ = {isa = PBXFileReference; lastKnownFileType = folder.assetcatalog; path = "Preview Assets.xcassets"; sourceTree = "<group>"; };
		22D459B52DE55624005AB894 /* StepMeterViewModel.swift */ = {isa = PBXFileReference; lastKnownFileType = sourcecode.swift; path = StepMeterViewModel.swift; sourceTree = "<group>"; };
/* End PBXFileReference section */

/* Begin PBXFrameworksBuildPhase section */
		22D4599F2DE555C7005AB894 /* Frameworks */ = {
			isa = PBXFrameworksBuildPhase;
			buildActionMask = 2147483647;
			files = (
			);
			runOnlyForDeploymentPostprocessing = 0;
		};
/* End PBXFrameworksBuildPhase section */

/* Begin PBXGroup section */
		2207D88E2DE881BC00669460 /* statistics */ = {
			isa = PBXGroup;
			children = (
				2207D88F2DE881CC00669460 /* components */,
				2207D8902DE8822200669460 /* StatisticsView.swift */,
				2207D8942DE88BCB00669460 /* StatisticsViewModel.swift */,
			);
			path = statistics;
			sourceTree = "<group>";
		};
		2207D88F2DE881CC00669460 /* components */ = {
			isa = PBXGroup;
			children = (
				2207D8922DE8826900669460 /* StatisticsHeaderView.swift */,
				2207D8982DE88C0400669460 /* StatisticsInfoView.swift */,
				2207D89A2DE8986400669460 /* StatisticsFooterView.swift */,
			);
			path = components;
			sourceTree = "<group>";
		};
		222DC5022DE6292800F20E31 /* Presentation */ = {
			isa = PBXGroup;
			children = (
				2207D88E2DE881BC00669460 /* statistics */,
				222DC50F2DE65C2700F20E31 /* settings */,
				222DC5052DE62E6300F20E31 /* main */,
				22D459A72DE555C7005AB894 /* ContentView.swift */,
			);
			path = Presentation;
			sourceTree = "<group>";
		};
		222DC5032DE6293300F20E31 /* Domain */ = {
			isa = PBXGroup;
			children = (
			);
			path = Domain;
			sourceTree = "<group>";
		};
		222DC5042DE6293A00F20E31 /* Data */ = {
			isa = PBXGroup;
			children = (
			);
			path = Data;
			sourceTree = "<group>";
		};
		222DC5052DE62E6300F20E31 /* main */ = {
			isa = PBXGroup;
			children = (
				22D459B52DE55624005AB894 /* StepMeterViewModel.swift */,
				222DC5082DE647D200F20E31 /* components */,
				222DC5062DE62E7700F20E31 /* MainView.swift */,
			);
			path = main;
			sourceTree = "<group>";
		};
		222DC5082DE647D200F20E31 /* components */ = {
			isa = PBXGroup;
			children = (
				222DC5092DE6487B00F20E31 /* MainHeaderView.swift */,
				222DC50B2DE64CE400F20E31 /* MainStepCounterView.swift */,
				222DC50D2DE6506500F20E31 /* MainFooterView.swift */,
			);
			path = components;
			sourceTree = "<group>";
		};
		222DC50F2DE65C2700F20E31 /* settings */ = {
			isa = PBXGroup;
			children = (
				222DC5122DE65C3F00F20E31 /* components */,
				222DC5102DE65C3A00F20E31 /* SettingsView.swift */,
				2207D88C2DE6A07000669460 /* SettingsViewModel.swift */,
			);
			path = settings;
			sourceTree = "<group>";
		};
		222DC5122DE65C3F00F20E31 /* components */ = {
			isa = PBXGroup;
			children = (
				222DC5132DE65E3200F20E31 /* SettingsHeaderView.swift */,
				2207D88A2DE6617300669460 /* SettingsGoalView.swift */,
			);
			path = components;
			sourceTree = "<group>";
		};
		22D459992DE555C7005AB894 = {
			isa = PBXGroup;
			children = (
				22D459A42DE555C7005AB894 /* StepMeter */,
				22D459A32DE555C7005AB894 /* Products */,
			);
			sourceTree = "<group>";
		};
		22D459A32DE555C7005AB894 /* Products */ = {
			isa = PBXGroup;
			children = (
				22D459A22DE555C7005AB894 /* StepMeter.app */,
			);
			name = Products;
			sourceTree = "<group>";
		};
		22D459A42DE555C7005AB894 /* StepMeter */ = {
			isa = PBXGroup;
			children = (
				222DC5042DE6293A00F20E31 /* Data */,
				222DC5032DE6293300F20E31 /* Domain */,
				222DC5022DE6292800F20E31 /* Presentation */,
				22D459A52DE555C7005AB894 /* StepMeterApp.swift */,
				22D459A92DE555C7005AB894 /* Item.swift */,
				22D459AB2DE555C8005AB894 /* Assets.xcassets */,
				22D459AD2DE555C8005AB894 /* Preview Content */,
			);
			path = StepMeter;
			sourceTree = "<group>";
		};
		22D459AD2DE555C8005AB894 /* Preview Content */ = {
			isa = PBXGroup;
			children = (
				22D459AE2DE555C8005AB894 /* Preview Assets.xcassets */,
			);
			path = "Preview Content";
			sourceTree = "<group>";
		};
/* End PBXGroup section */

/* Begin PBXNativeTarget section */
		22D459A12DE555C7005AB894 /* StepMeter */ = {
			isa = PBXNativeTarget;
			buildConfigurationList = 22D459B22DE555C8005AB894 /* Build configuration list for PBXNativeTarget "StepMeter" */;
			buildPhases = (
				22D4599E2DE555C7005AB894 /* Sources */,
				22D4599F2DE555C7005AB894 /* Frameworks */,
				22D459A02DE555C7005AB894 /* Resources */,
			);
			buildRules = (
			);
			dependencies = (
			);
			name = StepMeter;
			productName = StepMeter;
			productReference = 22D459A22DE555C7005AB894 /* StepMeter.app */;
			productType = "com.apple.product-type.application";
		};
/* End PBXNativeTarget section */

/* Begin PBXProject section */
		22D4599A2DE555C7005AB894 /* Project object */ = {
			isa = PBXProject;
			attributes = {
				BuildIndependentTargetsInParallel = 1;
				LastSwiftUpdateCheck = 1530;
				LastUpgradeCheck = 1530;
				TargetAttributes = {
					22D459A12DE555C7005AB894 = {
						CreatedOnToolsVersion = 15.3;
					};
				};
			};
			buildConfigurationList = 22D4599D2DE555C7005AB894 /* Build configuration list for PBXProject "StepMeter" */;
			compatibilityVersion = "Xcode 14.0";
			developmentRegion = en;
			hasScannedForEncodings = 0;
			knownRegions = (
				en,
				Base,
			);
			mainGroup = 22D459992DE555C7005AB894;
			productRefGroup = 22D459A32DE555C7005AB894 /* Products */;
			projectDirPath = "";
			projectRoot = "";
			targets = (
				22D459A12DE555C7005AB894 /* StepMeter */,
			);
		};
/* End PBXProject section */

/* Begin PBXResourcesBuildPhase section */
		22D459A02DE555C7005AB894 /* Resources */ = {
			isa = PBXResourcesBuildPhase;
			buildActionMask = 2147483647;
			files = (
				22D459AF2DE555C8005AB894 /* Preview Assets.xcassets in Resources */,
				22D459AC2DE555C8005AB894 /* Assets.xcassets in Resources */,
			);
			runOnlyForDeploymentPostprocessing = 0;
		};
/* End PBXResourcesBuildPhase section */

/* Begin PBXSourcesBuildPhase section */
		22D4599E2DE555C7005AB894 /* Sources */ = {
			isa = PBXSourcesBuildPhase;
			buildActionMask = 2147483647;
			files = (
				22D459B62DE55624005AB894 /* StepMeterViewModel.swift in Sources */,
				22D459A82DE555C7005AB894 /* ContentView.swift in Sources */,
				222DC5142DE65E3200F20E31 /* SettingsHeaderView.swift in Sources */,
				222DC50C2DE64CE400F20E31 /* MainStepCounterView.swift in Sources */,
				2207D88B2DE6617300669460 /* SettingsGoalView.swift in Sources */,
				2207D89B2DE8986400669460 /* StatisticsFooterView.swift in Sources */,
				2207D8992DE88C0400669460 /* StatisticsInfoView.swift in Sources */,
				2207D8912DE8822200669460 /* StatisticsView.swift in Sources */,
				2207D8932DE8826900669460 /* StatisticsHeaderView.swift in Sources */,
				222DC5112DE65C3A00F20E31 /* SettingsView.swift in Sources */,
				2207D8952DE88BCB00669460 /* StatisticsViewModel.swift in Sources */,
				22D459AA2DE555C7005AB894 /* Item.swift in Sources */,
				222DC5072DE62E7700F20E31 /* MainView.swift in Sources */,
				222DC50A2DE6487B00F20E31 /* MainHeaderView.swift in Sources */,
				222DC50E2DE6506500F20E31 /* MainFooterView.swift in Sources */,
				22D459A62DE555C7005AB894 /* StepMeterApp.swift in Sources */,
				2207D88D2DE6A07000669460 /* SettingsViewModel.swift in Sources */,
			);
			runOnlyForDeploymentPostprocessing = 0;
		};
/* End PBXSourcesBuildPhase section */

/* Begin XCBuildConfiguration section */
		22D459B02DE555C8005AB894 /* Debug */ = {
			isa = XCBuildConfiguration;
			buildSettings = {
				ALWAYS_SEARCH_USER_PATHS = NO;
				ASSETCATALOG_COMPILER_GENERATE_SWIFT_ASSET_SYMBOL_EXTENSIONS = YES;
				CLANG_ANALYZER_NONNULL = YES;
				CLANG_ANALYZER_NUMBER_OBJECT_CONVERSION = YES_AGGRESSIVE;
				CLANG_CXX_LANGUAGE_STANDARD = "gnu++20";
				CLANG_ENABLE_MODULES = YES;
				CLANG_ENABLE_OBJC_ARC = YES;
				CLANG_ENABLE_OBJC_WEAK = YES;
				CLANG_WARN_BLOCK_CAPTURE_AUTORELEASING = YES;
				CLANG_WARN_BOOL_CONVERSION = YES;
				CLANG_WARN_COMMA = YES;
				CLANG_WARN_CONSTANT_CONVERSION = YES;
				CLANG_WARN_DEPRECATED_OBJC_IMPLEMENTATIONS = YES;
				CLANG_WARN_DIRECT_OBJC_ISA_USAGE = YES_ERROR;
				CLANG_WARN_DOCUMENTATION_COMMENTS = YES;
				CLANG_WARN_EMPTY_BODY = YES;
				CLANG_WARN_ENUM_CONVERSION = YES;
				CLANG_WARN_INFINITE_RECURSION = YES;
				CLANG_WARN_INT_CONVERSION = YES;
				CLANG_WARN_NON_LITERAL_NULL_CONVERSION = YES;
				CLANG_WARN_OBJC_IMPLICIT_RETAIN_SELF = YES;
				CLANG_WARN_OBJC_LITERAL_CONVERSION = YES;
				CLANG_WARN_OBJC_ROOT_CLASS = YES_ERROR;
				CLANG_WARN_QUOTED_INCLUDE_IN_FRAMEWORK_HEADER = YES;
				CLANG_WARN_RANGE_LOOP_ANALYSIS = YES;
				CLANG_WARN_STRICT_PROTOTYPES = YES;
				CLANG_WARN_SUSPICIOUS_MOVE = YES;
				CLANG_WARN_UNGUARDED_AVAILABILITY = YES_AGGRESSIVE;
				CLANG_WARN_UNREACHABLE_CODE = YES;
				CLANG_WARN__DUPLICATE_METHOD_MATCH = YES;
				COPY_PHASE_STRIP = NO;
				DEBUG_INFORMATION_FORMAT = dwarf;
				ENABLE_STRICT_OBJC_MSGSEND = YES;
				ENABLE_TESTABILITY = YES;
				ENABLE_USER_SCRIPT_SANDBOXING = YES;
				GCC_C_LANGUAGE_STANDARD = gnu17;
				GCC_DYNAMIC_NO_PIC = NO;
				GCC_NO_COMMON_BLOCKS = YES;
				GCC_OPTIMIZATION_LEVEL = 0;
				GCC_PREPROCESSOR_DEFINITIONS = (
					"DEBUG=1",
					"$(inherited)",
				);
				GCC_WARN_64_TO_32_BIT_CONVERSION = YES;
				GCC_WARN_ABOUT_RETURN_TYPE = YES_ERROR;
				GCC_WARN_UNDECLARED_SELECTOR = YES;
				GCC_WARN_UNINITIALIZED_AUTOS = YES_AGGRESSIVE;
				GCC_WARN_UNUSED_FUNCTION = YES;
				GCC_WARN_UNUSED_VARIABLE = YES;
				IPHONEOS_DEPLOYMENT_TARGET = 17.4;
				LOCALIZATION_PREFERS_STRING_CATALOGS = YES;
				MTL_ENABLE_DEBUG_INFO = INCLUDE_SOURCE;
				MTL_FAST_MATH = YES;
				ONLY_ACTIVE_ARCH = YES;
				SDKROOT = iphoneos;
				SWIFT_ACTIVE_COMPILATION_CONDITIONS = "DEBUG $(inherited)";
				SWIFT_OPTIMIZATION_LEVEL = "-Onone";
			};
			name = Debug;
		};
		22D459B12DE555C8005AB894 /* Release */ = {
			isa = XCBuildConfiguration;
			buildSettings = {
				ALWAYS_SEARCH_USER_PATHS = NO;
				ASSETCATALOG_COMPILER_GENERATE_SWIFT_ASSET_SYMBOL_EXTENSIONS = YES;
				CLANG_ANALYZER_NONNULL = YES;
				CLANG_ANALYZER_NUMBER_OBJECT_CONVERSION = YES_AGGRESSIVE;
				CLANG_CXX_LANGUAGE_STANDARD = "gnu++20";
				CLANG_ENABLE_MODULES = YES;
				CLANG_ENABLE_OBJC_ARC = YES;
				CLANG_ENABLE_OBJC_WEAK = YES;
				CLANG_WARN_BLOCK_CAPTURE_AUTORELEASING = YES;
				CLANG_WARN_BOOL_CONVERSION = YES;
				CLANG_WARN_COMMA = YES;
				CLANG_WARN_CONSTANT_CONVERSION = YES;
				CLANG_WARN_DEPRECATED_OBJC_IMPLEMENTATIONS = YES;
				CLANG_WARN_DIRECT_OBJC_ISA_USAGE = YES_ERROR;
				CLANG_WARN_DOCUMENTATION_COMMENTS = YES;
				CLANG_WARN_EMPTY_BODY = YES;
				CLANG_WARN_ENUM_CONVERSION = YES;
				CLANG_WARN_INFINITE_RECURSION = YES;
				CLANG_WARN_INT_CONVERSION = YES;
				CLANG_WARN_NON_LITERAL_NULL_CONVERSION = YES;
				CLANG_WARN_OBJC_IMPLICIT_RETAIN_SELF = YES;
				CLANG_WARN_OBJC_LITERAL_CONVERSION = YES;
				CLANG_WARN_OBJC_ROOT_CLASS = YES_ERROR;
				CLANG_WARN_QUOTED_INCLUDE_IN_FRAMEWORK_HEADER = YES;
				CLANG_WARN_RANGE_LOOP_ANALYSIS = YES;
				CLANG_WARN_STRICT_PROTOTYPES = YES;
				CLANG_WARN_SUSPICIOUS_MOVE = YES;
				CLANG_WARN_UNGUARDED_AVAILABILITY = YES_AGGRESSIVE;
				CLANG_WARN_UNREACHABLE_CODE = YES;
				CLANG_WARN__DUPLICATE_METHOD_MATCH = YES;
				COPY_PHASE_STRIP = NO;
				DEBUG_INFORMATION_FORMAT = "dwarf-with-dsym";
				ENABLE_NS_ASSERTIONS = NO;
				ENABLE_STRICT_OBJC_MSGSEND = YES;
				ENABLE_USER_SCRIPT_SANDBOXING = YES;
				GCC_C_LANGUAGE_STANDARD = gnu17;
				GCC_NO_COMMON_BLOCKS = YES;
				GCC_WARN_64_TO_32_BIT_CONVERSION = YES;
				GCC_WARN_ABOUT_RETURN_TYPE = YES_ERROR;
				GCC_WARN_UNDECLARED_SELECTOR = YES;
				GCC_WARN_UNINITIALIZED_AUTOS = YES_AGGRESSIVE;
				GCC_WARN_UNUSED_FUNCTION = YES;
				GCC_WARN_UNUSED_VARIABLE = YES;
				IPHONEOS_DEPLOYMENT_TARGET = 17.4;
				LOCALIZATION_PREFERS_STRING_CATALOGS = YES;
				MTL_ENABLE_DEBUG_INFO = NO;
				MTL_FAST_MATH = YES;
				SDKROOT = iphoneos;
				SWIFT_COMPILATION_MODE = wholemodule;
				VALIDATE_PRODUCT = YES;
			};
			name = Release;
		};
		22D459B32DE555C8005AB894 /* Debug */ = {
			isa = XCBuildConfiguration;
			buildSettings = {
				ASSETCATALOG_COMPILER_APPICON_NAME = AppIcon;
				ASSETCATALOG_COMPILER_GLOBAL_ACCENT_COLOR_NAME = AccentColor;
				CODE_SIGN_STYLE = Automatic;
				CURRENT_PROJECT_VERSION = 1;
				DEVELOPMENT_ASSET_PATHS = "\"StepMeter/Preview Content\"";
				DEVELOPMENT_TEAM = S37782KQ48;
				ENABLE_PREVIEWS = YES;
				GENERATE_INFOPLIST_FILE = YES;
				INFOPLIST_KEY_NSMotionUsageDescription = "This app needs access to motion data to count your steps.";
				INFOPLIST_KEY_UIApplicationSceneManifest_Generation = YES;
				INFOPLIST_KEY_UIApplicationSupportsIndirectInputEvents = YES;
				INFOPLIST_KEY_UILaunchScreen_Generation = YES;
				INFOPLIST_KEY_UISupportedInterfaceOrientations_iPad = "UIInterfaceOrientationPortrait UIInterfaceOrientationPortraitUpsideDown UIInterfaceOrientationLandscapeLeft UIInterfaceOrientationLandscapeRight";
				INFOPLIST_KEY_UISupportedInterfaceOrientations_iPhone = "UIInterfaceOrientationPortrait UIInterfaceOrientationLandscapeLeft UIInterfaceOrientationLandscapeRight";
				LD_RUNPATH_SEARCH_PATHS = (
					"$(inherited)",
					"@executable_path/Frameworks",
				);
				MARKETING_VERSION = 1.0;
				PRODUCT_BUNDLE_IDENTIFIER = com.pcz.StepMeter;
				PRODUCT_NAME = "$(TARGET_NAME)";
				SWIFT_EMIT_LOC_STRINGS = YES;
				SWIFT_VERSION = 5.0;
				TARGETED_DEVICE_FAMILY = "1,2";
			};
			name = Debug;
		};
		22D459B42DE555C8005AB894 /* Release */ = {
			isa = XCBuildConfiguration;
			buildSettings = {
				ASSETCATALOG_COMPILER_APPICON_NAME = AppIcon;
				ASSETCATALOG_COMPILER_GLOBAL_ACCENT_COLOR_NAME = AccentColor;
				CODE_SIGN_STYLE = Automatic;
				CURRENT_PROJECT_VERSION = 1;
				DEVELOPMENT_ASSET_PATHS = "\"StepMeter/Preview Content\"";
				DEVELOPMENT_TEAM = S37782KQ48;
				ENABLE_PREVIEWS = YES;
				GENERATE_INFOPLIST_FILE = YES;
				INFOPLIST_KEY_NSMotionUsageDescription = "This app needs access to motion data to count your steps.";
				INFOPLIST_KEY_UIApplicationSceneManifest_Generation = YES;
				INFOPLIST_KEY_UIApplicationSupportsIndirectInputEvents = YES;
				INFOPLIST_KEY_UILaunchScreen_Generation = YES;
				INFOPLIST_KEY_UISupportedInterfaceOrientations_iPad = "UIInterfaceOrientationPortrait UIInterfaceOrientationPortraitUpsideDown UIInterfaceOrientationLandscapeLeft UIInterfaceOrientationLandscapeRight";
				INFOPLIST_KEY_UISupportedInterfaceOrientations_iPhone = "UIInterfaceOrientationPortrait UIInterfaceOrientationLandscapeLeft UIInterfaceOrientationLandscapeRight";
				LD_RUNPATH_SEARCH_PATHS = (
					"$(inherited)",
					"@executable_path/Frameworks",
				);
				MARKETING_VERSION = 1.0;
				PRODUCT_BUNDLE_IDENTIFIER = com.pcz.StepMeter;
				PRODUCT_NAME = "$(TARGET_NAME)";
				SWIFT_EMIT_LOC_STRINGS = YES;
				SWIFT_VERSION = 5.0;
				TARGETED_DEVICE_FAMILY = "1,2";
			};
			name = Release;
		};
/* End XCBuildConfiguration section */

/* Begin XCConfigurationList section */
		22D4599D2DE555C7005AB894 /* Build configuration list for PBXProject "StepMeter" */ = {
			isa = XCConfigurationList;
			buildConfigurations = (
				22D459B02DE555C8005AB894 /* Debug */,
				22D459B12DE555C8005AB894 /* Release */,
			);
			defaultConfigurationIsVisible = 0;
			defaultConfigurationName = Release;
		};
		22D459B22DE555C8005AB894 /* Build configuration list for PBXNativeTarget "StepMeter" */ = {
			isa = XCConfigurationList;
			buildConfigurations = (
				22D459B32DE555C8005AB894 /* Debug */,
				22D459B42DE555C8005AB894 /* Release */,
			);
			defaultConfigurationIsVisible = 0;
			defaultConfigurationName = Release;
		};
/* End XCConfigurationList section */
	};
	rootObject = 22D4599A2DE555C7005AB894 /* Project object */;
}
